{
    "name": "下拉刷新、上划加载更多(极简版)",
    "version": "2.1.7",
    "lockfileVersion": 2,
    "requires": true,
    "packages": {
        "": {
            "name": "下拉刷新、上划加载更多(极简版)",
            "version": "2.1.7",
            "dependencies": {
                "@ungap/url-search-params": "^0.2.2",
                "crypto-js": "^4.1.1",
                "dayjs": "^1.11.13",
                "egg-cors": "^3.0.1",
                "update-browserslist-db": "^1.1.1"
            }
        },
        "node_modules/@koa/cors": {
            "version": "5.0.0",
            "resolved": "https://registry.npmmirror.com/@koa/cors/-/cors-5.0.0.tgz",
            "integrity": "sha512-x/iUDjcS90W69PryLDIMgFyV21YLTnG9zOpPXS7Bkt2b8AsY3zZsIpOLBkYr9fBcF3HbkKaER5hOBZLfpLgYNw==",
            "dependencies": {
                "vary": "^1.1.2"
            },
            "engines": {
                "node": ">= 14.0.0"
            }
        },
        "node_modules/@ungap/url-search-params": {
            "version": "0.2.2",
            "resolved": "https://registry.npmmirror.com/@ungap/url-search-params/-/url-search-params-0.2.2.tgz",
            "integrity": "sha512-qQsguKXZVKdCixOHX9jqnX/K/1HekPDpGKyEcXHT+zR6EjGA7S4boSuelL4uuPv6YfhN0n8c4UxW+v/Z3gM2iw=="
        },
        "node_modules/browserslist": {
            "version": "4.24.2",
            "resolved": "https://registry.npmmirror.com/browserslist/-/browserslist-4.24.2.tgz",
            "integrity": "sha512-ZIc+Q62revdMcqC6aChtW4jz3My3klmCO1fEmINZY/8J3EpBg5/A/D0AKmBveUh6pgoeycoMkVMko84tuYS+Gg==",
            "funding": [
                {
                    "type": "opencollective",
                    "url": "https://opencollective.com/browserslist"
                },
                {
                    "type": "tidelift",
                    "url": "https://tidelift.com/funding/github/npm/browserslist"
                },
                {
                    "type": "github",
                    "url": "https://github.com/sponsors/ai"
                }
            ],
            "peer": true,
            "dependencies": {
                "caniuse-lite": "^1.0.30001669",
                "electron-to-chromium": "^1.5.41",
                "node-releases": "^2.0.18",
                "update-browserslist-db": "^1.1.1"
            },
            "bin": {
                "browserslist": "cli.js"
            },
            "engines": {
                "node": "^6 || ^7 || ^8 || ^9 || ^10 || ^11 || ^12 || >=13.7"
            }
        },
        "node_modules/caniuse-lite": {
            "version": "1.0.30001677",
            "resolved": "https://registry.npmmirror.com/caniuse-lite/-/caniuse-lite-1.0.30001677.tgz",
            "integrity": "sha512-fmfjsOlJUpMWu+mAAtZZZHz7UEwsUxIIvu1TJfO1HqFQvB/B+ii0xr9B5HpbZY/mC4XZ8SvjHJqtAY6pDPQEog==",
            "funding": [
                {
                    "type": "opencollective",
                    "url": "https://opencollective.com/browserslist"
                },
                {
                    "type": "tidelift",
                    "url": "https://tidelift.com/funding/github/npm/caniuse-lite"
                },
                {
                    "type": "github",
                    "url": "https://github.com/sponsors/ai"
                }
            ],
            "peer": true
        },
        "node_modules/crypto-js": {
            "version": "4.1.1",
            "resolved": "https://registry.npmmirror.com/crypto-js/-/crypto-js-4.1.1.tgz",
            "integrity": "sha512-o2JlM7ydqd3Qk9CA0L4NL6mTzU2sdx96a+oOfPu8Mkl/PK51vSyoi8/rQ8NknZtk44vq15lmhAj9CIAGwgeWKw=="
        },
        "node_modules/dayjs": {
            "version": "1.11.13",
            "resolved": "https://registry.npmjs.org/dayjs/-/dayjs-1.11.13.tgz",
            "integrity": "sha512-oaMBel6gjolK862uaPQOVTA7q3TZhuSvuMQAAglQDOWYO9A91IrAOUJEyKVlqJlHE0vq5p5UXxzdPfMH/x6xNg=="
        },
        "node_modules/egg-cors": {
            "version": "3.0.1",
            "resolved": "https://registry.npmmirror.com/egg-cors/-/egg-cors-3.0.1.tgz",
            "integrity": "sha512-p4TpA2C4CP8iqzUMixjag+jLXFAhQhGlPWSRreMlT9kf/jQzwspALYae0V0EBtkTJtW1eB3lXHKGoPsuf5+0Ag==",
            "dependencies": {
                "@koa/cors": "^5.0.0"
            },
            "engines": {
                "node": ">=14.0.0"
            }
        },
        "node_modules/electron-to-chromium": {
            "version": "1.5.52",
            "resolved": "https://registry.npmmirror.com/electron-to-chromium/-/electron-to-chromium-1.5.52.tgz",
            "integrity": "sha512-xtoijJTZ+qeucLBDNztDOuQBE1ksqjvNjvqFoST3nGC7fSpqJ+X6BdTBaY5BHG+IhWWmpc6b/KfpeuEDupEPOQ==",
            "peer": true
        },
        "node_modules/escalade": {
            "version": "3.2.0",
            "resolved": "https://registry.npmmirror.com/escalade/-/escalade-3.2.0.tgz",
            "integrity": "sha512-WUj2qlxaQtO4g6Pq5c29GTcWGDyd8itL8zTlipgECz3JesAiiOKotd8JU6otB3PACgG6xkJUyVhboMS+bje/jA==",
            "engines": {
                "node": ">=6"
            }
        },
        "node_modules/node-releases": {
            "version": "2.0.18",
            "resolved": "https://registry.npmmirror.com/node-releases/-/node-releases-2.0.18.tgz",
            "integrity": "sha512-d9VeXT4SJ7ZeOqGX6R5EM022wpL+eWPooLI+5UpWn2jCT1aosUQEhQP214x33Wkwx3JQMvIm+tIoVOdodFS40g==",
            "peer": true
        },
        "node_modules/picocolors": {
            "version": "1.1.1",
            "resolved": "https://registry.npmmirror.com/picocolors/-/picocolors-1.1.1.tgz",
            "integrity": "sha512-xceH2snhtb5M9liqDsmEw56le376mTZkEX/jEb/RxNFyegNul7eNslCXP9FDj/Lcu0X8KEyMceP2ntpaHrDEVA=="
        },
        "node_modules/update-browserslist-db": {
            "version": "1.1.1",
            "resolved": "https://registry.npmmirror.com/update-browserslist-db/-/update-browserslist-db-1.1.1.tgz",
            "integrity": "sha512-R8UzCaa9Az+38REPiJ1tXlImTJXlVfgHZsglwBD/k6nj76ctsH1E3q4doGrukiLQd3sGQYu56r5+lo5r94l29A==",
            "funding": [
                {
                    "type": "opencollective",
                    "url": "https://opencollective.com/browserslist"
                },
                {
                    "type": "tidelift",
                    "url": "https://tidelift.com/funding/github/npm/browserslist"
                },
                {
                    "type": "github",
                    "url": "https://github.com/sponsors/ai"
                }
            ],
            "dependencies": {
                "escalade": "^3.2.0",
                "picocolors": "^1.1.0"
            },
            "bin": {
                "update-browserslist-db": "cli.js"
            },
            "peerDependencies": {
                "browserslist": ">= 4.21.0"
            }
        },
        "node_modules/vary": {
            "version": "1.1.2",
            "resolved": "https://registry.npmmirror.com/vary/-/vary-1.1.2.tgz",
            "integrity": "sha512-BNGbWLfd0eUPabhkXUVm0j8uuvREyTh5ovRa/dyow/BqAbZJyC+5fU+IzQOzmAKzYqYRAISoRhdQr3eIZ/PXqg==",
            "engines": {
                "node": ">= 0.8"
            }
        }
    },
    "dependencies": {
        "@koa/cors": {
            "version": "5.0.0",
            "resolved": "https://registry.npmmirror.com/@koa/cors/-/cors-5.0.0.tgz",
            "integrity": "sha512-x/iUDjcS90W69PryLDIMgFyV21YLTnG9zOpPXS7Bkt2b8AsY3zZsIpOLBkYr9fBcF3HbkKaER5hOBZLfpLgYNw==",
            "requires": {
                "vary": "^1.1.2"
            }
        },
        "@ungap/url-search-params": {
            "version": "0.2.2",
            "resolved": "https://registry.npmmirror.com/@ungap/url-search-params/-/url-search-params-0.2.2.tgz",
            "integrity": "sha512-qQsguKXZVKdCixOHX9jqnX/K/1HekPDpGKyEcXHT+zR6EjGA7S4boSuelL4uuPv6YfhN0n8c4UxW+v/Z3gM2iw=="
        },
        "browserslist": {
            "version": "4.24.2",
            "resolved": "https://registry.npmmirror.com/browserslist/-/browserslist-4.24.2.tgz",
            "integrity": "sha512-ZIc+Q62revdMcqC6aChtW4jz3My3klmCO1fEmINZY/8J3EpBg5/A/D0AKmBveUh6pgoeycoMkVMko84tuYS+Gg==",
            "peer": true,
            "requires": {
                "caniuse-lite": "^1.0.30001669",
                "electron-to-chromium": "^1.5.41",
                "node-releases": "^2.0.18",
                "update-browserslist-db": "^1.1.1"
            }
        },
        "caniuse-lite": {
            "version": "1.0.30001677",
            "resolved": "https://registry.npmmirror.com/caniuse-lite/-/caniuse-lite-1.0.30001677.tgz",
            "integrity": "sha512-fmfjsOlJUpMWu+mAAtZZZHz7UEwsUxIIvu1TJfO1HqFQvB/B+ii0xr9B5HpbZY/mC4XZ8SvjHJqtAY6pDPQEog==",
            "peer": true
        },
        "crypto-js": {
            "version": "4.1.1",
            "resolved": "https://registry.npmmirror.com/crypto-js/-/crypto-js-4.1.1.tgz",
            "integrity": "sha512-o2JlM7ydqd3Qk9CA0L4NL6mTzU2sdx96a+oOfPu8Mkl/PK51vSyoi8/rQ8NknZtk44vq15lmhAj9CIAGwgeWKw=="
        },
        "dayjs": {
            "version": "1.11.13",
            "resolved": "https://registry.npmjs.org/dayjs/-/dayjs-1.11.13.tgz",
            "integrity": "sha512-oaMBel6gjolK862uaPQOVTA7q3TZhuSvuMQAAglQDOWYO9A91IrAOUJEyKVlqJlHE0vq5p5UXxzdPfMH/x6xNg=="
        },
        "egg-cors": {
            "version": "3.0.1",
            "resolved": "https://registry.npmmirror.com/egg-cors/-/egg-cors-3.0.1.tgz",
            "integrity": "sha512-p4TpA2C4CP8iqzUMixjag+jLXFAhQhGlPWSRreMlT9kf/jQzwspALYae0V0EBtkTJtW1eB3lXHKGoPsuf5+0Ag==",
            "requires": {
                "@koa/cors": "^5.0.0"
            }
        },
        "electron-to-chromium": {
            "version": "1.5.52",
            "resolved": "https://registry.npmmirror.com/electron-to-chromium/-/electron-to-chromium-1.5.52.tgz",
            "integrity": "sha512-xtoijJTZ+qeucLBDNztDOuQBE1ksqjvNjvqFoST3nGC7fSpqJ+X6BdTBaY5BHG+IhWWmpc6b/KfpeuEDupEPOQ==",
            "peer": true
        },
        "escalade": {
            "version": "3.2.0",
            "resolved": "https://registry.npmmirror.com/escalade/-/escalade-3.2.0.tgz",
            "integrity": "sha512-WUj2qlxaQtO4g6Pq5c29GTcWGDyd8itL8zTlipgECz3JesAiiOKotd8JU6otB3PACgG6xkJUyVhboMS+bje/jA=="
        },
        "node-releases": {
            "version": "2.0.18",
            "resolved": "https://registry.npmmirror.com/node-releases/-/node-releases-2.0.18.tgz",
            "integrity": "sha512-d9VeXT4SJ7ZeOqGX6R5EM022wpL+eWPooLI+5UpWn2jCT1aosUQEhQP214x33Wkwx3JQMvIm+tIoVOdodFS40g==",
            "peer": true
        },
        "picocolors": {
            "version": "1.1.1",
            "resolved": "https://registry.npmmirror.com/picocolors/-/picocolors-1.1.1.tgz",
            "integrity": "sha512-xceH2snhtb5M9liqDsmEw56le376mTZkEX/jEb/RxNFyegNul7eNslCXP9FDj/Lcu0X8KEyMceP2ntpaHrDEVA=="
        },
        "update-browserslist-db": {
            "version": "1.1.1",
            "resolved": "https://registry.npmmirror.com/update-browserslist-db/-/update-browserslist-db-1.1.1.tgz",
            "integrity": "sha512-R8UzCaa9Az+38REPiJ1tXlImTJXlVfgHZsglwBD/k6nj76ctsH1E3q4doGrukiLQd3sGQYu56r5+lo5r94l29A==",
            "requires": {
                "escalade": "^3.2.0",
                "picocolors": "^1.1.0"
            }
        },
        "vary": {
            "version": "1.1.2",
            "resolved": "https://registry.npmmirror.com/vary/-/vary-1.1.2.tgz",
            "integrity": "sha512-BNGbWLfd0eUPabhkXUVm0j8uuvREyTh5ovRa/dyow/BqAbZJyC+5fU+IzQOzmAKzYqYRAISoRhdQr3eIZ/PXqg=="
        }
    }
}
